{
   "name": "chromix-too",
   "version": "0.0.9",
   "lockfileVersion": 1,
   "requires": true,
   "dependencies": {
      "async-limiter": {
         "version": "1.0.0",
         "resolved": "https://registry.npmjs.org/async-limiter/-/async-limiter-1.0.0.tgz",
         "integrity": "sha512-jp/uFnooOiO+L211eZOoSyzpOITMXx1rBITauYykG3BRYPu8h0UcxsPNB04RR5vo4Tyz3+ay17tR6JVf9qzYWg=="
      },
      "minimist": {
         "version": "0.0.10",
         "resolved": "https://registry.npmjs.org/minimist/-/minimist-0.0.10.tgz",
         "integrity": "sha1-3j+YVD2/lggr5IrRoMfNqDYwHc8="
      },
      "optimist": {
         "version": "0.6.1",
         "resolved": "https://registry.npmjs.org/optimist/-/optimist-0.6.1.tgz",
         "integrity": "sha1-2j6nRob6IaGaERwybpDrFaAZZoY=",
         "requires": {
            "minimist": "0.0.10",
            "wordwrap": "0.0.3"
         }
      },
      "wordwrap": {
         "version": "0.0.3",
         "resolved": "https://registry.npmjs.org/wordwrap/-/wordwrap-0.0.3.tgz",
         "integrity": "sha1-o9XabNXAvAAI03I0u68b7WMFkQc="
      },
      "ws": {
         "version": "5.1.1",
         "resolved": "https://registry.npmjs.org/ws/-/ws-5.1.1.tgz",
         "integrity": "sha512-bOusvpCb09TOBLbpMKszd45WKC2KPtxiyiHanv+H2DE3Az+1db5a/L7sVJZVDPUC1Br8f0SKRr1KjLpD1U/IAw==",
         "requires": {
            "async-limiter": "1.0.0"
         }
      }
   }
}
