{
   "name": "chromix-too",
   "version": "0.0.15",
   "lockfileVersion": 1,
   "requires": true,
   "dependencies": {
      "minimist": {
         "version": "0.0.10",
         "resolved": "https://registry.npmjs.org/minimist/-/minimist-0.0.10.tgz",
         "integrity": "sha1-3j+YVD2/lggr5IrRoMfNqDYwHc8="
      },
      "optimist": {
         "version": "0.6.1",
         "resolved": "https://registry.npmjs.org/optimist/-/optimist-0.6.1.tgz",
         "integrity": "sha1-2j6nRob6IaGaERwybpDrFaAZZoY=",
         "requires": {
            "minimist": "0.0.10",
            "wordwrap": "0.0.3"
         }
      },
      "wordwrap": {
         "version": "0.0.3",
         "resolved": "https://registry.npmjs.org/wordwrap/-/wordwrap-0.0.3.tgz",
         "integrity": "sha1-o9XabNXAvAAI03I0u68b7WMFkQc="
      },
      "ws": {
         "version": "7.4.5",
         "resolved": "https://registry.npmjs.org/ws/-/ws-7.4.5.tgz",
         "integrity": "sha512-xzyu3hFvomRfXKH8vOFMU3OguG6oOvhXMo3xsGy3xWExqaM2dxBbVxuD99O7m3ZUFMvvscsZDqxfgMaRr/Nr1g=="
      }
   }
}
